
Microsoft Visual Studio Solution File, Format Version 12.00
# Visual Studio 14
VisualStudioVersion = 14.0.25420.1
MinimumVisualStudioVersion = 10.0.40219.1
Project("{00D1A9C2-B5F0-4AF3-8072-F6C62B433612}") = "Taekwondo", "Taekwondo\Taekwondo.sqlproj", "{89513C34-6B11-4FC4-8EFB-47EA2E8353FD}"
EndProject
Global
	GlobalSection(SolutionConfigurationPlatforms) = preSolution
		Debug|Any CPU = Debug|Any CPU
		Release|Any CPU = Release|Any CPU
	EndGlobalSection
	GlobalSection(ProjectConfigurationPlatforms) = postSolution
		{89513C34-6B11-4FC4-8EFB-47EA2E8353FD}.Debug|Any CPU.ActiveCfg = Debug|Any CPU
		{89513C34-6B11-4FC4-8EFB-47EA2E8353FD}.Debug|Any CPU.Build.0 = Debug|Any CPU
		{89513C34-6B11-4FC4-8EFB-47EA2E8353FD}.Debug|Any CPU.Deploy.0 = Debug|Any CPU
		{89513C34-6B11-4FC4-8EFB-47EA2E8353FD}.Release|Any CPU.ActiveCfg = Release|Any CPU
		{89513C34-6B11-4FC4-8EFB-47EA2E8353FD}.Release|Any CPU.Build.0 = Release|Any CPU
		{89513C34-6B11-4FC4-8EFB-47EA2E8353FD}.Release|Any CPU.Deploy.0 = Release|Any CPU
	EndGlobalSection
	GlobalSection(SolutionProperties) = preSolution
		HideSolutionNode = FALSE
	EndGlobalSection
EndGlobal
